{
  "name": "nfc-console",
  "lockfileVersion": 3,
  "requires": true,
  "packages": {
    "": {
      "dependencies": {
        "@vicons/ionicons5": "^0.13.0"
      }
    },
    "node_modules/@vicons/ionicons5": {
      "version": "0.13.0",
      "resolved": "https://registry.npmjs.org/@vicons/ionicons5/-/ionicons5-0.13.0.tgz",
      "integrity": "sha512-zvZKBPjEXKN7AXNo2Na2uy+nvuv6SP4KAMQxpKL2vfHMj0fSvuw7JZcOPCjQC3e7ayssKnaoFVAhbYcW6v41qQ==",
      "license": "MIT"
    }
  }
}
